
Microsoft Visual Studio Solution File, Format Version 12.00
# Visual Studio Version 17
VisualStudioVersion = 17.1.32210.238
MinimumVisualStudioVersion = 10.0.40219.1
Project("{9A19103F-16F7-4668-BE54-9A1E7A4F7556}") = "Loan-Buddy-Api", "Loan-Buddy-Api.csproj", "{87A4DB93-4323-4A0E-8F56-6658C2CE6A8E}"
EndProject
Project("{2150E333-8FDC-42A3-9474-1A3956D46DE8}") = "Solution Items", "Solution Items", "{638FAB94-7F0C-4227-9E94-736E5FC899ED}"
	ProjectSection(SolutionItems) = preProject
		.editorconfig = .editorconfig
		.gitignore = .gitignore
	EndProjectSection
EndProject
Global
	GlobalSection(SolutionConfigurationPlatforms) = preSolution
		Debug|Any CPU = Debug|Any CPU
		Release|Any CPU = Release|Any CPU
	EndGlobalSection
	GlobalSection(ProjectConfigurationPlatforms) = postSolution
		{87A4DB93-4323-4A0E-8F56-6658C2CE6A8E}.Debug|Any CPU.ActiveCfg = Debug|Any CPU
		{87A4DB93-4323-4A0E-8F56-6658C2CE6A8E}.Debug|Any CPU.Build.0 = Debug|Any CPU
		{87A4DB93-4323-4A0E-8F56-6658C2CE6A8E}.Release|Any CPU.ActiveCfg = Release|Any CPU
		{87A4DB93-4323-4A0E-8F56-6658C2CE6A8E}.Release|Any CPU.Build.0 = Release|Any CPU
	EndGlobalSection
	GlobalSection(SolutionProperties) = preSolution
		HideSolutionNode = FALSE
	EndGlobalSection
	GlobalSection(ExtensibilityGlobals) = postSolution
		SolutionGuid = {469388C5-F17E-455F-8087-31F9E8D4697E}
	EndGlobalSection
EndGlobal
